
Microsoft Visual Studio Solution File, Format Version 12.00
# Visual Studio Version 17
VisualStudioVersion = 17.0.31903.59
MinimumVisualStudioVersion = 10.0.40219.1
Project("{FAE04EC0-301F-11D3-BF4B-00C04F79EFBC}") = "StratusLite", "StratusLite\StratusLite.csproj", "{C9751C8E-DEFD-4A33-B3AB-16A1C650A533}"
EndProject
Project("{FAE04EC0-301F-11D3-BF4B-00C04F79EFBC}") = "StratusLite.Tests", "StratusLite.Tests\StratusLite.Tests.csproj", "{98AEF6A1-93A8-4B19-88E3-604B1F96F306}"
EndProject
Global
	GlobalSection(SolutionConfigurationPlatforms) = preSolution
		Debug|Any CPU = Debug|Any CPU
		Release|Any CPU = Release|Any CPU
	EndGlobalSection
	GlobalSection(SolutionProperties) = preSolution
		HideSolutionNode = FALSE
	EndGlobalSection
	GlobalSection(ProjectConfigurationPlatforms) = postSolution
		{C9751C8E-DEFD-4A33-B3AB-16A1C650A533}.Debug|Any CPU.ActiveCfg = Debug|Any CPU
		{C9751C8E-DEFD-4A33-B3AB-16A1C650A533}.Debug|Any CPU.Build.0 = Debug|Any CPU
		{C9751C8E-DEFD-4A33-B3AB-16A1C650A533}.Release|Any CPU.ActiveCfg = Release|Any CPU
		{C9751C8E-DEFD-4A33-B3AB-16A1C650A533}.Release|Any CPU.Build.0 = Release|Any CPU
		{98AEF6A1-93A8-4B19-88E3-604B1F96F306}.Debug|Any CPU.ActiveCfg = Debug|Any CPU
		{98AEF6A1-93A8-4B19-88E3-604B1F96F306}.Debug|Any CPU.Build.0 = Debug|Any CPU
		{98AEF6A1-93A8-4B19-88E3-604B1F96F306}.Release|Any CPU.ActiveCfg = Release|Any CPU
		{98AEF6A1-93A8-4B19-88E3-604B1F96F306}.Release|Any CPU.Build.0 = Release|Any CPU
	EndGlobalSection
EndGlobal
